
Microsoft Visual Studio Solution File, Format Version 12.00
# Visual Studio Version 17
VisualStudioVersion = 17.4.33213.308
MinimumVisualStudioVersion = 10.0.40219.1
Project("{FAE04EC0-301F-11D3-BF4B-00C04F79EFBC}") = "SmartDrinks", "SmartDrinks.csproj", "{AEEA24A6-120F-48D1-B0AD-2AA4DCC96CAF}"
EndProject
Global
	GlobalSection(SolutionConfigurationPlatforms) = preSolution
		Debug|Any CPU = Debug|Any CPU
		Release|Any CPU = Release|Any CPU
	EndGlobalSection
	GlobalSection(ProjectConfigurationPlatforms) = postSolution
		{AEEA24A6-120F-48D1-B0AD-2AA4DCC96CAF}.Debug|Any CPU.ActiveCfg = Debug|Any CPU
		{AEEA24A6-120F-48D1-B0AD-2AA4DCC96CAF}.Debug|Any CPU.Build.0 = Debug|Any CPU
		{AEEA24A6-120F-48D1-B0AD-2AA4DCC96CAF}.Release|Any CPU.ActiveCfg = Release|Any CPU
		{AEEA24A6-120F-48D1-B0AD-2AA4DCC96CAF}.Release|Any CPU.Build.0 = Release|Any CPU
	EndGlobalSection
	GlobalSection(SolutionProperties) = preSolution
		HideSolutionNode = FALSE
	EndGlobalSection
	GlobalSection(ExtensibilityGlobals) = postSolution
		SolutionGuid = {B6E16554-FD9C-4656-8F8B-EC85EAFAD0A0}
	EndGlobalSection
EndGlobal
